# THIS IS AN AUTOGENERATED FILE. DO NOT EDIT THIS FILE DIRECTLY.
# yarn lockfile v1


"@types/emscripten@^1.39.3":
  version "1.39.3"
  resolved "https://registry.yarnpkg.com/@types/emscripten/-/emscripten-1.39.3.tgz#cac2f24b4739c344c42f928a4c1af1aab245364e"
  integrity sha512-F+LPHVwVWp6bkhRq7sMdW0JsQMXd5ZuPbjwU/X6HaAtvIjRmYL2z4BCIopnBRcrzZLorVFf8gxY/GR7szLuPEw==
